schema: '2.0'
stages:
  cosllect:
    cmd: python src/pipeline/collect.py --output data/raw/iris_raw.csv
    outs:
    - path: data/raw/iris_raw.csv
      hash: md5
      md5: 575612943f5562b5e69ffd58908d360d
      size: 8992
  preprocess:
    cmd: python src/pipeline/preprocess.py --input data/raw/iris_raw.csv 
      --output data/processed/iris_preprocessed.csv
    deps:
    - path: data/raw/iris_raw.csv
      hash: md5
      md5: 575612943f5562b5e69ffd58908d360d
      size: 8992
    - path: src/pipeline/preprocess.py
      hash: md5
      md5: 60cc2f2b9f27ad4ff9a714a49fdd97e2
      size: 1496
    outs:
    - path: data/processed/iris_preprocessed.csv
      hash: md5
      md5: a14ddf816aea4f7a003d1f974d3aaef1
      size: 4002
  features:
    cmd: python src/pipeline/features.py --input 
      data/processed/iris_preprocessed.csv --output 
      data/processed/iris_features.csv
    deps:
    - path: data/processed/iris_preprocessed.csv
      hash: md5
      md5: a14ddf816aea4f7a003d1f974d3aaef1
      size: 4002
    - path: src/pipeline/features.py
      hash: md5
      md5: e5967930459bd1d44b3311288617527b
      size: 1227
    outs:
    - path: data/processed/iris_features.csv
      hash: md5
      md5: 0e0705fa15985fa70f9354a8213a9a15
      size: 10448
  validate:
    cmd: python src/pipeline/validate.py --input 
      data/processed/iris_features.csv
    deps:
    - path: data/processed/iris_features.csv
      hash: md5
      md5: 0e0705fa15985fa70f9354a8213a9a15
      size: 10448
    - path: src/pipeline/validate.py
      hash: md5
      md5: cac44345cd0a58ff902ef7e824b0c513
      size: 2307
